{
  "name": "skiff-test",
  "version": "1.0.0",
  "lockfileVersion": 1,
  "requires": true,
  "dependencies": {
    "abstract-leveldown": {
      "version": "2.7.2",
      "resolved": "http://npm.riskalyze.com/abstract-leveldown/-/abstract-leveldown-2.7.2/87a44d7ebebc341d59665204834c8b7e0932cc93.tgz",
      "integrity": "sha512-+OVvxH2rHVEhWLdbudP6p0+dNMXu8JA1CbhP19T8paTYAcX7oJ4OVjT+ZUVpv7mITxXHqDMej+GdqXBmXkw09w==",
      "requires": {
        "xtend": "4.0.1"
      }
    },
    "ansi-regex": {
      "version": "2.1.1",
      "resolved": "http://npm.riskalyze.com/ansi-regex/-/ansi-regex-2.1.1/c3b33ab5ee360d86e0e628f0468ae7ef27d654df.tgz",
      "integrity": "sha1-w7M6te42DYbg5ijwRorn7yfWVN8="
    },
    "aproba": {
      "version": "1.2.0",
      "resolved": "http://npm.riskalyze.com/aproba/-/aproba-1.2.0/6802e6264efd18c790a1b0d517f0f2627bf2c94a.tgz",
      "integrity": "sha512-Y9J6ZjXtoYh8RnXVCMOU/ttDmk1aBjunq9vO0ta5x85WDQiQfUF9sIPBITdbiiIVcBo03Hi3jMxigBtsddlXRw=="
    },
    "are-we-there-yet": {
      "version": "1.1.4",
      "resolved": "http://npm.riskalyze.com/are-we-there-yet/-/are-we-there-yet-1.1.4/bb5dca382bb94f05e15194373d16fd3ba1ca110d.tgz",
      "integrity": "sha1-u13KOCu5TwXhUZQ3PRb9O6HKEQ0=",
      "requires": {
        "delegates": "1.0.0",
        "readable-stream": "2.3.3"
      }
    },
    "async": {
      "version": "2.5.0",
      "resolved": "http://npm.riskalyze.com/async/-/async-2.5.0/843190fd6b7357a0b9e1c956edddd5ec8462b54d.tgz",
      "integrity": "sha512-e+lJAJeNWuPCNyxZKOBdaJGyLGHugXVQtrAwtuAe2vhxTYxFTKE73p8JuTmdH0qdQZtDvI4dhJwjZc5zsfIsYw==",
      "requires": {
        "lodash": "4.17.4"
      }
    },
    "backoff": {
      "version": "2.5.0",
      "resolved": "http://npm.riskalyze.com/backoff/-/backoff-2.5.0/f616eda9d3e4b66b8ca7fca79f695722c5f8e26f.tgz",
      "integrity": "sha1-9hbtqdPktmuMp/ynn2lXIsX44m8=",
      "requires": {
        "precond": "0.2.3"
      }
    },
    "base-x": {
      "version": "3.0.2",
      "resolved": "http://npm.riskalyze.com/base-x/-/base-x-3.0.2/bf873861b7514279b7969f340929eab87c11d130.tgz",
      "integrity": "sha1-v4c4YbdRQnm3lp80CSnquHwR0TA=",
      "requires": {
        "safe-buffer": "5.1.1"
      }
    },
    "bindings": {
      "version": "1.3.0",
      "resolved": "http://npm.riskalyze.com/bindings/-/bindings-1.3.0/b346f6ecf6a95f5a815c5839fc7cdb22502f1ed7.tgz",
      "integrity": "sha512-DpLh5EzMR2kzvX1KIlVC0VkC3iZtHKTgdtZ0a3pglBZdaQFjt5S9g9xd1lE+YvXyfd6mtCeRnrUfOLYiTMlNSw=="
    },
    "bl": {
      "version": "0.8.2",
      "resolved": "http://npm.riskalyze.com/bl/-/bl-0.8.2/c9b6bca08d1bc2ea00fc8afb4f1a5fd1e1c66e4e.tgz",
      "integrity": "sha1-yba8oI0bwuoA/Ir7Txpf0eHGbk4=",
      "requires": {
        "readable-stream": "1.0.34"
      },
      "dependencies": {
        "isarray": {
          "version": "0.0.1",
          "resolved": "http://npm.riskalyze.com/isarray/-/isarray-0.0.1/8a18acfca9a8f4177e09abfc6038939b05d1eedf.tgz",
          "integrity": "sha1-ihis/Kmo9Bd+Cav8YDiTmwXR7t8="
        },
        "readable-stream": {
          "version": "1.0.34",
          "resolved": "http://npm.riskalyze.com/readable-stream/-/readable-stream-1.0.34/125820e34bc842d2f2aaafafe4c2916ee32c157c.tgz",
          "integrity": "sha1-Elgg40vIQtLyqq+v5MKRbuMsFXw=",
          "requires": {
            "core-util-is": "1.0.2",
            "inherits": "2.0.3",
            "isarray": "0.0.1",
            "string_decoder": "0.10.31"
          }
        },
        "string_decoder": {
          "version": "0.10.31",
          "resolved": "http://npm.riskalyze.com/string_decoder/-/string_decoder-0.10.31/62e203bc41766c6c28c9fc84301dab1c5310fa94.tgz",
          "integrity": "sha1-YuIDvEF2bGwoyfyEMB2rHFMQ+pQ="
        }
      }
    },
    "bs58": {
      "version": "4.0.1",
      "resolved": "http://npm.riskalyze.com/bs58/-/bs58-4.0.1/be161e76c354f6f788ae4071f63f34e8c4f0a42a.tgz",
      "integrity": "sha1-vhYedsNU9veIrkBx9j806MTwpCo=",
      "requires": {
        "base-x": "3.0.2"
      }
    },
    "bytewise": {
      "version": "1.1.0",
      "resolved": "http://npm.riskalyze.com/bytewise/-/bytewise-1.1.0/1d13cbff717ae7158094aa881b35d081b387253e.tgz",
      "integrity": "sha1-HRPL/3F65xWAlKqIGzXQgbOHJT4=",
      "requires": {
        "bytewise-core": "1.2.3",
        "typewise": "1.0.3"
      }
    },
    "bytewise-core": {
      "version": "1.2.3",
      "resolved": "http://npm.riskalyze.com/bytewise-core/-/bytewise-core-1.2.3/3fb410c7e91558eb1ab22a82834577aa6bd61d42.tgz",
      "integrity": "sha1-P7QQx+kVWOsasiqCg0V3qmvWHUI=",
      "requires": {
        "typewise-core": "1.2.0"
      }
    },
    "chownr": {
      "version": "1.0.1",
      "resolved": "http://npm.riskalyze.com/chownr/-/chownr-1.0.1/e2a75042a9551908bebd25b8523d5f9769d79181.tgz",
      "integrity": "sha1-4qdQQqlVGQi+vSW4Uj1fl2nXkYE="
    },
    "code-point-at": {
      "version": "1.1.0",
      "resolved": "http://npm.riskalyze.com/code-point-at/-/code-point-at-1.1.0/0d070b4d043a5bea33a2f1a40e2edb3d9a4ccf77.tgz",
      "integrity": "sha1-DQcLTQQ6W+ozovGkDi7bPZpMz3c="
    },
    "commander": {
      "version": "2.11.0",
      "resolved": "http://npm.riskalyze.com/commander/-/commander-2.11.0/157152fd1e7a6c8d98a5b715cf376df928004563.tgz",
      "integrity": "sha512-b0553uYA5YAEGgyYIGYROzKQ7X5RAqedkfjiZxwi0kL1g3bOaBNNZfYkzt/CL0umgD5wc9Jec2FbB98CjkMRvQ=="
    },
    "concat-stream": {
      "version": "1.6.0",
      "resolved": "http://npm.riskalyze.com/concat-stream/-/concat-stream-1.6.0/0aac662fd52be78964d5532f694784e70110acf7.tgz",
      "integrity": "sha1-CqxmL9Ur54lk1VMvaUeE5wEQrPc=",
      "requires": {
        "inherits": "2.0.3",
        "readable-stream": "2.3.3",
        "typedarray": "0.0.6"
      }
    },
    "console-control-strings": {
      "version": "1.1.0",
      "resolved": "http://npm.riskalyze.com/console-control-strings/-/console-control-strings-1.1.0/3d7cf4464db6446ea644bf4b39507f9851008e8e.tgz",
      "integrity": "sha1-PXz0Rk22RG6mRL9LOVB/mFEAjo4="
    },
    "core-util-is": {
      "version": "1.0.2",
      "resolved": "http://npm.riskalyze.com/core-util-is/-/core-util-is-1.0.2/b5fd54220aa2bc5ab57aab7140c940754503c1a7.tgz",
      "integrity": "sha1-tf1UIgqivFq1eqtxQMlAdUUDwac="
    },
    "debug": {
      "version": "2.6.9",
      "resolved": "http://npm.riskalyze.com/debug/-/debug-2.6.9/5d128515df134ff327e90a4c93f4e077a536341f.tgz",
      "integrity": "sha512-bC7ElrdJaJnPbAP+1EotYvqZsb3ecl5wi6Bfi6BJTUcNowp6cvspg0jXznRTKDjm/E7AdgFBVeAPVMNcKGsHMA==",
      "requires": {
        "ms": "2.0.0"
      }
    },
    "deep-extend": {
      "version": "0.4.2",
      "resolved": "http://npm.riskalyze.com/deep-extend/-/deep-extend-0.4.2/48b699c27e334bf89f10892be432f6e4c7d34a7f.tgz",
      "integrity": "sha1-SLaZwn4zS/ifEIkr5DL25MfTSn8="
    },
    "deepmerge": {
      "version": "0.2.10",
      "resolved": "http://npm.riskalyze.com/deepmerge/-/deepmerge-0.2.10/8906bf9e525a4fbf1b203b2afcb4640249821219.tgz",
      "integrity": "sha1-iQa/nlJaT78bIDsq/LRkAkmCEhk="
    },
    "deferred-leveldown": {
      "version": "0.2.0",
      "resolved": "http://npm.riskalyze.com/deferred-leveldown/-/deferred-leveldown-0.2.0/2cef1f111e1c57870d8bbb8af2650e587cd2f5b4.tgz",
      "integrity": "sha1-LO8fER4cV4cNi7uK8mUOWHzS9bQ=",
      "requires": {
        "abstract-leveldown": "0.12.4"
      },
      "dependencies": {
        "abstract-leveldown": {
          "version": "0.12.4",
          "resolved": "http://npm.riskalyze.com/abstract-leveldown/-/abstract-leveldown-0.12.4/29e18e632e60e4e221d5810247852a63d7b2e410.tgz",
          "integrity": "sha1-KeGOYy5g5OIh1YECR4UqY9ey5BA=",
          "requires": {
            "xtend": "3.0.0"
          }
        },
        "xtend": {
          "version": "3.0.0",
          "resolved": "http://npm.riskalyze.com/xtend/-/xtend-3.0.0/5cce7407baf642cba7becda568111c493f59665a.tgz",
          "integrity": "sha1-XM50B7r2Qsunvs2laBEcST9ZZlo="
        }
      }
    },
    "delegates": {
      "version": "1.0.0",
      "resolved": "http://npm.riskalyze.com/delegates/-/delegates-1.0.0/84c6e159b81904fdca59a0ef44cd870d31250f9a.tgz",
      "integrity": "sha1-hMbhWbgZBP3KWaDvRM2HDTElD5o="
    },
    "end-of-stream": {
      "version": "1.4.0",
      "resolved": "http://npm.riskalyze.com/end-of-stream/-/end-of-stream-1.4.0/7a90d833efda6cfa6eac0f4949dbb0fad3a63206.tgz",
      "integrity": "sha1-epDYM+/abPpurA9JSduw+tOmMgY=",
      "requires": {
        "once": "1.4.0"
      }
    },
    "errno": {
      "version": "0.1.4",
      "resolved": "http://npm.riskalyze.com/errno/-/errno-0.1.4/b896e23a9e5e8ba33871fc996abd3635fc9a1c7d.tgz",
      "integrity": "sha1-uJbiOp5ei6M4cfyZar02NfyaHH0=",
      "requires": {
        "prr": "0.0.0"
      }
    },
    "expand-template": {
      "version": "1.1.0",
      "resolved": "http://npm.riskalyze.com/expand-template/-/expand-template-1.1.0/e09efba977bf98f9ee0ed25abd0c692e02aec3fc.tgz",
      "integrity": "sha512-kkjwkMqj0h4w/sb32ERCDxCQkREMCAgS39DscDnSwDsbxnwwM1BTZySdC3Bn1lhY7vL08n9GoO/fVTynjDgRyQ=="
    },
    "fast-future": {
      "version": "1.0.2",
      "resolved": "http://npm.riskalyze.com/fast-future/-/fast-future-1.0.2/8435a9aaa02d79248d17d704e76259301d99280a.tgz",
      "integrity": "sha1-hDWpqqAteSSNF9cE52JZMB2ZKAo="
    },
    "gauge": {
      "version": "2.7.4",
      "resolved": "http://npm.riskalyze.com/gauge/-/gauge-2.7.4/2c03405c7538c39d7eb37b317022e325fb018bf7.tgz",
      "integrity": "sha1-LANAXHU4w51+s3sxcCLjJfsBi/c=",
      "requires": {
        "aproba": "1.2.0",
        "console-control-strings": "1.1.0",
        "has-unicode": "2.0.1",
        "object-assign": "4.1.1",
        "signal-exit": "3.0.2",
        "string-width": "1.0.2",
        "strip-ansi": "3.0.1",
        "wide-align": "1.1.2"
      }
    },
    "github-from-package": {
      "version": "0.0.0",
      "resolved": "http://npm.riskalyze.com/github-from-package/-/github-from-package-0.0.0/97fb5d96bfde8973313f20e8288ef9a167fa64ce.tgz",
      "integrity": "sha1-l/tdlr/eiXMxPyDoKI75oWf6ZM4="
    },
    "has-unicode": {
      "version": "2.0.1",
      "resolved": "http://npm.riskalyze.com/has-unicode/-/has-unicode-2.0.1/e0e6fe6a28cf51138855e086d1691e771de2a8b9.tgz",
      "integrity": "sha1-4Ob+aijPUROIVeCG0Wkedx3iqLk="
    },
    "inherits": {
      "version": "2.0.3",
      "resolved": "http://npm.riskalyze.com/inherits/-/inherits-2.0.3/633c2c83e3da42a502f52466022480f4208261de.tgz",
      "integrity": "sha1-Yzwsg+PaQqUC9SRmAiSA9CCCYd4="
    },
    "ini": {
      "version": "1.3.4",
      "resolved": "http://npm.riskalyze.com/ini/-/ini-1.3.4/0537cb79daf59b59a1a517dff706c86ec039162e.tgz",
      "integrity": "sha1-BTfLedr1m1mhpRff9wbIbsA5Fi4="
    },
    "ip": {
      "version": "1.1.5",
      "resolved": "http://npm.riskalyze.com/ip/-/ip-1.1.5/bdded70114290828c0a039e72ef25f5aaec4354a.tgz",
      "integrity": "sha1-vd7XARQpCCjAoDnnLvJfWq7ENUo="
    },
    "is-fullwidth-code-point": {
      "version": "1.0.0",
      "resolved": "http://npm.riskalyze.com/is-fullwidth-code-point/-/is-fullwidth-code-point-1.0.0/ef9e31386f031a7f0d643af82fde50c457ef00cb.tgz",
      "integrity": "sha1-754xOG8DGn8NZDr4L95QxFfvAMs=",
      "requires": {
        "number-is-nan": "1.0.1"
      }
    },
    "isarray": {
      "version": "1.0.0",
      "resolved": "http://npm.riskalyze.com/isarray/-/isarray-1.0.0/bb935d48582cba168c06834957a54a3e07124f11.tgz",
      "integrity": "sha1-u5NdSFgsuhaMBoNJV6VKPgcSTxE="
    },
    "level-codec": {
      "version": "7.0.1",
      "resolved": "http://npm.riskalyze.com/level-codec/-/level-codec-7.0.1/341f22f907ce0f16763f24bddd681e395a0fb8a7.tgz",
      "integrity": "sha512-Ua/R9B9r3RasXdRmOtd+t9TCOEIIlts+TN/7XTT2unhDaL6sJn83S3rUyljbr6lVtw49N3/yA0HHjpV6Kzb2aQ=="
    },
    "level-errors": {
      "version": "1.0.5",
      "resolved": "http://npm.riskalyze.com/level-errors/-/level-errors-1.0.5/83dbfb12f0b8a2516bdc9a31c4876038e227b859.tgz",
      "integrity": "sha512-/cLUpQduF6bNrWuAC4pwtUKA5t669pCsCi2XbmojG2tFeOr9j6ShtdDCtFFQO1DRt+EVZhx9gPzP9G2bUaG4ig==",
      "requires": {
        "errno": "0.1.4"
      }
    },
    "level-iterator-stream": {
      "version": "1.3.1",
      "resolved": "http://npm.riskalyze.com/level-iterator-stream/-/level-iterator-stream-1.3.1/e43b78b1a8143e6fa97a4f485eb8ea530352f2ed.tgz",
      "integrity": "sha1-5Dt4sagUPm+pek9IXrjqUwNS8u0=",
      "requires": {
        "inherits": "2.0.3",
        "level-errors": "1.0.5",
        "readable-stream": "1.1.14",
        "xtend": "4.0.1"
      },
      "dependencies": {
        "isarray": {
          "version": "0.0.1",
          "resolved": "http://npm.riskalyze.com/isarray/-/isarray-0.0.1/8a18acfca9a8f4177e09abfc6038939b05d1eedf.tgz",
          "integrity": "sha1-ihis/Kmo9Bd+Cav8YDiTmwXR7t8="
        },
        "readable-stream": {
          "version": "1.1.14",
          "resolved": "http://npm.riskalyze.com/readable-stream/-/readable-stream-1.1.14/7cf4c54ef648e3813084c636dd2079e166c081d9.tgz",
          "integrity": "sha1-fPTFTvZI44EwhMY23SB54WbAgdk=",
          "requires": {
            "core-util-is": "1.0.2",
            "inherits": "2.0.3",
            "isarray": "0.0.1",
            "string_decoder": "0.10.31"
          }
        },
        "string_decoder": {
          "version": "0.10.31",
          "resolved": "http://npm.riskalyze.com/string_decoder/-/string_decoder-0.10.31/62e203bc41766c6c28c9fc84301dab1c5310fa94.tgz",
          "integrity": "sha1-YuIDvEF2bGwoyfyEMB2rHFMQ+pQ="
        }
      }
    },
    "level-post": {
      "version": "1.0.5",
      "resolved": "http://npm.riskalyze.com/level-post/-/level-post-1.0.5/2a66390409bf6a1621a444bab6f016444cc9802c.tgz",
      "integrity": "sha1-KmY5BAm/ahYhpES6tvAWREzJgCw=",
      "requires": {
        "ltgt": "2.1.3"
      }
    },
    "level-sublevel": {
      "version": "6.6.1",
      "resolved": "http://npm.riskalyze.com/level-sublevel/-/level-sublevel-6.6.1/f9a77f7521ab70a8f8e92ed56f21a3c7886a4485.tgz",
      "integrity": "sha1-+ad/dSGrcKj46S7VbyGjx4hqRIU=",
      "requires": {
        "bytewise": "1.1.0",
        "levelup": "0.19.1",
        "ltgt": "2.1.3",
        "pull-level": "2.0.3",
        "pull-stream": "3.6.1",
        "typewiselite": "1.0.0",
        "xtend": "4.0.1"
      },
      "dependencies": {
        "isarray": {
          "version": "0.0.1",
          "resolved": "http://npm.riskalyze.com/isarray/-/isarray-0.0.1/8a18acfca9a8f4177e09abfc6038939b05d1eedf.tgz",
          "integrity": "sha1-ihis/Kmo9Bd+Cav8YDiTmwXR7t8="
        },
        "levelup": {
          "version": "0.19.1",
          "resolved": "http://npm.riskalyze.com/levelup/-/levelup-0.19.1/f3a6a7205272c4b5f35e412ff004a03a0aedf50b.tgz",
          "integrity": "sha1-86anIFJyxLXzXkEv8ASgOgrt9Qs=",
          "requires": {
            "bl": "0.8.2",
            "deferred-leveldown": "0.2.0",
            "errno": "0.1.4",
            "prr": "0.0.0",
            "readable-stream": "1.0.34",
            "semver": "5.1.1",
            "xtend": "3.0.0"
          },
          "dependencies": {
            "xtend": {
              "version": "3.0.0",
              "resolved": "http://npm.riskalyze.com/xtend/-/xtend-3.0.0/5cce7407baf642cba7becda568111c493f59665a.tgz",
              "integrity": "sha1-XM50B7r2Qsunvs2laBEcST9ZZlo="
            }
          }
        },
        "readable-stream": {
          "version": "1.0.34",
          "resolved": "http://npm.riskalyze.com/readable-stream/-/readable-stream-1.0.34/125820e34bc842d2f2aaafafe4c2916ee32c157c.tgz",
          "integrity": "sha1-Elgg40vIQtLyqq+v5MKRbuMsFXw=",
          "requires": {
            "core-util-is": "1.0.2",
            "inherits": "2.0.3",
            "isarray": "0.0.1",
            "string_decoder": "0.10.31"
          }
        },
        "string_decoder": {
          "version": "0.10.31",
          "resolved": "http://npm.riskalyze.com/string_decoder/-/string_decoder-0.10.31/62e203bc41766c6c28c9fc84301dab1c5310fa94.tgz",
          "integrity": "sha1-YuIDvEF2bGwoyfyEMB2rHFMQ+pQ="
        }
      }
    },
    "leveldown": {
      "version": "1.9.0",
      "resolved": "http://npm.riskalyze.com/leveldown/-/leveldown-1.9.0/057b4b5d9d9717f81fe88c6e6cf962f4b44961a1.tgz",
      "integrity": "sha512-3MwcrnCUIuFiKp/jSrG1UqDTV4k1yH8f5HH6T9dpqCKG+lRxcfo2KwAqbzTT+TTKfCbaATeHMy9mm1y6sI3ZvA==",
      "requires": {
        "abstract-leveldown": "2.7.2",
        "bindings": "1.3.0",
        "fast-future": "1.0.2",
        "nan": "2.7.0",
        "prebuild-install": "2.3.0"
      }
    },
    "levelup": {
      "version": "1.3.9",
      "resolved": "http://npm.riskalyze.com/levelup/-/levelup-1.3.9/2dbcae845b2bb2b6bea84df334c475533bbd82ab.tgz",
      "integrity": "sha512-VVGHfKIlmw8w1XqpGOAGwq6sZm2WwWLmlDcULkKWQXEA5EopA8OBNJ2Ck2v6bdk8HeEZSbCSEgzXadyQFm76sQ==",
      "requires": {
        "deferred-leveldown": "1.2.2",
        "level-codec": "7.0.1",
        "level-errors": "1.0.5",
        "level-iterator-stream": "1.3.1",
        "prr": "1.0.1",
        "semver": "5.4.1",
        "xtend": "4.0.1"
      },
      "dependencies": {
        "abstract-leveldown": {
          "version": "2.6.3",
          "resolved": "http://npm.riskalyze.com/abstract-leveldown/-/abstract-leveldown-2.6.3/1c5e8c6a5ef965ae8c35dfb3a8770c476b82c4b8.tgz",
          "integrity": "sha512-2++wDf/DYqkPR3o5tbfdhF96EfMApo1GpPfzOsR/ZYXdkSmELlvOOEAl9iKkRsktMPHdGjO4rtkBpf2I7TiTeA==",
          "requires": {
            "xtend": "4.0.1"
          }
        },
        "deferred-leveldown": {
          "version": "1.2.2",
          "resolved": "http://npm.riskalyze.com/deferred-leveldown/-/deferred-leveldown-1.2.2/3acd2e0b75d1669924bc0a4b642851131173e1eb.tgz",
          "integrity": "sha512-uukrWD2bguRtXilKt6cAWKyoXrTSMo5m7crUdLfWQmu8kIm88w3QZoUL+6nhpfKVmhHANER6Re3sKoNoZ3IKMA==",
          "requires": {
            "abstract-leveldown": "2.6.3"
          }
        },
        "prr": {
          "version": "1.0.1",
          "resolved": "http://npm.riskalyze.com/prr/-/prr-1.0.1/d3fc114ba06995a45ec6893f484ceb1d78f5f476.tgz",
          "integrity": "sha1-0/wRS6BplaRexok/SEzrHXj19HY="
        },
        "semver": {
          "version": "5.4.1",
          "resolved": "http://npm.riskalyze.com/semver/-/semver-5.4.1/e059c09d8571f0540823733433505d3a2f00b18e.tgz",
          "integrity": "sha512-WfG/X9+oATh81XtllIo/I8gOiY9EXRdv1cQdyykeXK17YcUW3EXUAi2To4pcH6nZtJPr7ZOpM5OMyWJZm+8Rsg=="
        }
      }
    },
    "lodash": {
      "version": "4.17.4",
      "resolved": "http://npm.riskalyze.com/lodash/-/lodash-4.17.4/78203a4d1c328ae1d86dca6460e369b57f4055ae.tgz",
      "integrity": "sha1-eCA6TRwyiuHYbcpkYONptX9AVa4="
    },
    "lodash.filter": {
      "version": "4.6.0",
      "resolved": "http://npm.riskalyze.com/lodash.filter/-/lodash.filter-4.6.0/668b1d4981603ae1cc5a6fa760143e480b4c4ace.tgz",
      "integrity": "sha1-ZosdSYFgOuHMWm+nYBQ+SAtMSs4="
    },
    "lodash.map": {
      "version": "4.6.0",
      "resolved": "http://npm.riskalyze.com/lodash.map/-/lodash.map-4.6.0/771ec7839e3473d9c4cde28b19394c3562f4f6d3.tgz",
      "integrity": "sha1-dx7Hg540c9nEzeKLGTlMNWL09tM="
    },
    "looper": {
      "version": "2.0.0",
      "resolved": "http://npm.riskalyze.com/looper/-/looper-2.0.0/66cd0c774af3d4fedac53794f742db56da8f09ec.tgz",
      "integrity": "sha1-Zs0Md0rz1P7axTeU90LbVtqPCew="
    },
    "ltgt": {
      "version": "2.1.3",
      "resolved": "http://npm.riskalyze.com/ltgt/-/ltgt-2.1.3/10851a06d9964b971178441c23c9e52698eece34.tgz",
      "integrity": "sha1-EIUaBtmWS5cReEQcI8nlJpjuzjQ="
    },
    "minimist": {
      "version": "1.2.0",
      "resolved": "http://npm.riskalyze.com/minimist/-/minimist-1.2.0/a35008b20f41383eec1fb914f4cd5df79a264284.tgz",
      "integrity": "sha1-o1AIsg9BOD7sH7kU9M1d95omQoQ="
    },
    "mkdirp": {
      "version": "0.5.1",
      "resolved": "http://npm.riskalyze.com/mkdirp/-/mkdirp-0.5.1/30057438eac6cf7f8c4767f38648d6697d75c903.tgz",
      "integrity": "sha1-MAV0OOrGz3+MR2fzhkjWaX11yQM=",
      "requires": {
        "minimist": "0.0.8"
      },
      "dependencies": {
        "minimist": {
          "version": "0.0.8",
          "resolved": "http://npm.riskalyze.com/minimist/-/minimist-0.0.8/857fcabfc3397d2625b8228262e86aa7a011b05d.tgz",
          "integrity": "sha1-hX/Kv8M5fSYluCKCYuhqp6ARsF0="
        }
      }
    },
    "ms": {
      "version": "2.0.0",
      "resolved": "http://npm.riskalyze.com/ms/-/ms-2.0.0/5608aeadfc00be6c2901df5f9861788de0d597c8.tgz",
      "integrity": "sha1-VgiurfwAvmwpAd9fmGF4jeDVl8g="
    },
    "msgpack5": {
      "version": "3.5.1",
      "resolved": "http://npm.riskalyze.com/msgpack5/-/msgpack5-3.5.1/9d97d00893a1d4a1b045be026a3ff7c9e50f301a.tgz",
      "integrity": "sha512-Umzq9b2rUCSQMArFlBYdmYm0DvDCpcJWUNefG6sVd1VtAxngpueQMhsuHno6p9IKUT2tCKc7mS1dvpPb476R1A==",
      "requires": {
        "bl": "1.2.1",
        "inherits": "2.0.3",
        "readable-stream": "2.3.3",
        "safe-buffer": "5.1.1"
      },
      "dependencies": {
        "bl": {
          "version": "1.2.1",
          "resolved": "http://npm.riskalyze.com/bl/-/bl-1.2.1/cac328f7bee45730d404b692203fcb590e172d5e.tgz",
          "integrity": "sha1-ysMo977kVzDUBLaSID/LWQ4XLV4=",
          "requires": {
            "readable-stream": "2.3.3"
          }
        }
      }
    },
    "multiaddr": {
      "version": "2.3.0",
      "resolved": "http://npm.riskalyze.com/multiaddr/-/multiaddr-2.3.0/56634824f48bcbd8405fd5434c31b277424c62fc.tgz",
      "integrity": "sha1-VmNIJPSLy9hAX9VDTDGyd0JMYvw=",
      "requires": {
        "bs58": "4.0.1",
        "ip": "1.1.5",
        "lodash.filter": "4.6.0",
        "lodash.map": "4.6.0",
        "varint": "5.0.0",
        "xtend": "4.0.1"
      }
    },
    "nan": {
      "version": "2.7.0",
      "resolved": "http://npm.riskalyze.com/nan/-/nan-2.7.0/d95bf721ec877e08db276ed3fc6eb78f9083ad46.tgz",
      "integrity": "sha1-2Vv3IeyHfgjbJ27T/G63j5CDrUY="
    },
    "node-abi": {
      "version": "2.1.1",
      "resolved": "http://npm.riskalyze.com/node-abi/-/node-abi-2.1.1/c9cda256ec8aa99bcab2f6446db38af143338b2a.tgz",
      "integrity": "sha512-6oxV13poCOv7TfGvhsSz6XZWpXeKkdGVh72++cs33OfMh3KAX8lN84dCvmqSETyDXAFcUHtV7eJrgFBoOqZbNQ=="
    },
    "noop-logger": {
      "version": "0.1.1",
      "resolved": "http://npm.riskalyze.com/noop-logger/-/noop-logger-0.1.1/94a2b1633c4f1317553007d8966fd0e841b6a4c2.tgz",
      "integrity": "sha1-lKKxYzxPExdVMAfYlm/Q6EG2pMI="
    },
    "npmlog": {
      "version": "4.1.2",
      "resolved": "http://npm.riskalyze.com/npmlog/-/npmlog-4.1.2/08a7f2a8bf734604779a9efa4ad5cc717abb954b.tgz",
      "integrity": "sha512-2uUqazuKlTaSI/dC8AzicUck7+IrEaOnN/e0jd3Xtt1KcGpwx30v50mL7oPyr/h9bL3E4aZccVwpwP+5W9Vjkg==",
      "requires": {
        "are-we-there-yet": "1.1.4",
        "console-control-strings": "1.1.0",
        "gauge": "2.7.4",
        "set-blocking": "2.0.0"
      }
    },
    "number-is-nan": {
      "version": "1.0.1",
      "resolved": "http://npm.riskalyze.com/number-is-nan/-/number-is-nan-1.0.1/097b602b53422a522c1afb8790318336941a011d.tgz",
      "integrity": "sha1-CXtgK1NCKlIsGvuHkDGDNpQaAR0="
    },
    "object-assign": {
      "version": "4.1.1",
      "resolved": "http://npm.riskalyze.com/object-assign/-/object-assign-4.1.1/2109adc7965887cfc05cbbd442cac8bfbb360863.tgz",
      "integrity": "sha1-IQmtx5ZYh8/AXLvUQsrIv7s2CGM="
    },
    "once": {
      "version": "1.4.0",
      "resolved": "http://npm.riskalyze.com/once/-/once-1.4.0/583b1aa775961d4b113ac17d9c50baef9dd76bd1.tgz",
      "integrity": "sha1-WDsap3WWHUsROsF9nFC6753Xa9E=",
      "requires": {
        "wrappy": "1.0.2"
      }
    },
    "os-homedir": {
      "version": "1.0.2",
      "resolved": "http://npm.riskalyze.com/os-homedir/-/os-homedir-1.0.2/ffbc4988336e0e833de0c168c7ef152121aa7fb3.tgz",
      "integrity": "sha1-/7xJiDNuDoM94MFox+8VISGqf7M="
    },
    "prebuild-install": {
      "version": "2.3.0",
      "resolved": "http://npm.riskalyze.com/prebuild-install/-/prebuild-install-2.3.0/19481247df728b854ab57b187ce234211311b485.tgz",
      "integrity": "sha512-gzjq2oHB8oMbzJSsSh9MQ64zrXZGt092/uT4TLZlz2qnrPxpWqp4vYB7LZrDxnlxf5RfbCjkgDI/z0EIVuYzAw==",
      "requires": {
        "expand-template": "1.1.0",
        "github-from-package": "0.0.0",
        "minimist": "1.2.0",
        "mkdirp": "0.5.1",
        "node-abi": "2.1.1",
        "noop-logger": "0.1.1",
        "npmlog": "4.1.2",
        "os-homedir": "1.0.2",
        "pump": "1.0.2",
        "rc": "1.2.2",
        "simple-get": "1.4.3",
        "tar-fs": "1.16.0",
        "tunnel-agent": "0.6.0",
        "xtend": "4.0.1"
      }
    },
    "precond": {
      "version": "0.2.3",
      "resolved": "http://npm.riskalyze.com/precond/-/precond-0.2.3/aa9591bcaa24923f1e0f4849d240f47efc1075ac.tgz",
      "integrity": "sha1-qpWRvKokkj8eD0hJ0kD0fvwQdaw="
    },
    "process-nextick-args": {
      "version": "1.0.7",
      "resolved": "http://npm.riskalyze.com/process-nextick-args/-/process-nextick-args-1.0.7/150e20b756590ad3f91093f25a4f2ad8bff30ba3.tgz",
      "integrity": "sha1-FQ4gt1ZZCtP5EJPyWk8q2L/zC6M="
    },
    "prr": {
      "version": "0.0.0",
      "resolved": "http://npm.riskalyze.com/prr/-/prr-0.0.0/1a84b85908325501411853d0081ee3fa86e2926a.tgz",
      "integrity": "sha1-GoS4WQgyVQFBGFPQCB7j+obikmo="
    },
    "pull-cat": {
      "version": "1.1.11",
      "resolved": "http://npm.riskalyze.com/pull-cat/-/pull-cat-1.1.11/b642dd1255da376a706b6db4fa962f5fdb74c31b.tgz",
      "integrity": "sha1-tkLdElXaN2pwa220+pYvX9t0wxs="
    },
    "pull-level": {
      "version": "2.0.3",
      "resolved": "http://npm.riskalyze.com/pull-level/-/pull-level-2.0.3/9500635e257945d6feede185f5d7a24773455b17.tgz",
      "integrity": "sha1-lQBjXiV5Rdb+7eGF9deiR3NFWxc=",
      "requires": {
        "level-post": "1.0.5",
        "pull-cat": "1.1.11",
        "pull-live": "1.0.1",
        "pull-pushable": "2.1.1",
        "pull-stream": "3.6.1",
        "pull-window": "2.1.4",
        "stream-to-pull-stream": "1.7.2"
      }
    },
    "pull-live": {
      "version": "1.0.1",
      "resolved": "http://npm.riskalyze.com/pull-live/-/pull-live-1.0.1/a4ecee01e330155e9124bbbcf4761f21b38f51f5.tgz",
      "integrity": "sha1-pOzuAeMwFV6RJLu89HYfIbOPUfU=",
      "requires": {
        "pull-cat": "1.1.11",
        "pull-stream": "3.6.1"
      }
    },
    "pull-pushable": {
      "version": "2.1.1",
      "resolved": "http://npm.riskalyze.com/pull-pushable/-/pull-pushable-2.1.1/86666abbe3f5402f1f7ead03eefd69b785eca5b8.tgz",
      "integrity": "sha1-hmZqu+P1QC8ffq0D7v1pt4Xspbg="
    },
    "pull-stream": {
      "version": "3.6.1",
      "resolved": "http://npm.riskalyze.com/pull-stream/-/pull-stream-3.6.1/c5c2ae4a51246efeebcc65c0412a3d725a92ce00.tgz",
      "integrity": "sha1-xcKuSlEkbv7rzGXAQSo9clqSzgA="
    },
    "pull-window": {
      "version": "2.1.4",
      "resolved": "http://npm.riskalyze.com/pull-window/-/pull-window-2.1.4/fc3b86feebd1920c7ae297691e23f705f88552f0.tgz",
      "integrity": "sha1-/DuG/uvRkgx64pdpHiP3BfiFUvA=",
      "requires": {
        "looper": "2.0.0"
      }
    },
    "pump": {
      "version": "1.0.2",
      "resolved": "http://npm.riskalyze.com/pump/-/pump-1.0.2/3b3ee6512f94f0e575538c17995f9f16990a5d51.tgz",
      "integrity": "sha1-Oz7mUS+U8OV1U4wXmV+fFpkKXVE=",
      "requires": {
        "end-of-stream": "1.4.0",
        "once": "1.4.0"
      }
    },
    "rc": {
      "version": "1.2.2",
      "resolved": "http://npm.riskalyze.com/rc/-/rc-1.2.2/d8ce9cb57e8d64d9c7badd9876c7c34cbe3c7077.tgz",
      "integrity": "sha1-2M6ctX6NZNnHut2YdsfDTL48cHc=",
      "requires": {
        "deep-extend": "0.4.2",
        "ini": "1.3.4",
        "minimist": "1.2.0",
        "strip-json-comments": "2.0.1"
      }
    },
    "readable-stream": {
      "version": "2.3.3",
      "resolved": "http://npm.riskalyze.com/readable-stream/-/readable-stream-2.3.3/368f2512d79f9d46fdfc71349ae7878bbc1eb95c.tgz",
      "integrity": "sha512-m+qzzcn7KUxEmd1gMbchF+Y2eIUbieUaxkWtptyHywrX0rE8QEYqPC07Vuy4Wm32/xE16NcdBctb8S0Xe/5IeQ==",
      "requires": {
        "core-util-is": "1.0.2",
        "inherits": "2.0.3",
        "isarray": "1.0.0",
        "process-nextick-args": "1.0.7",
        "safe-buffer": "5.1.1",
        "string_decoder": "1.0.3",
        "util-deprecate": "1.0.2"
      }
    },
    "reconnect-core": {
      "version": "1.3.0",
      "resolved": "http://npm.riskalyze.com/reconnect-core/-/reconnect-core-1.3.0/fbae52919a7877d844e3246d01a2f26701c833c8.tgz",
      "integrity": "sha1-+65SkZp4d9hE4yRtAaLyZwHIM8g=",
      "requires": {
        "backoff": "2.5.0"
      }
    },
    "safe-buffer": {
      "version": "5.1.1",
      "resolved": "http://npm.riskalyze.com/safe-buffer/-/safe-buffer-5.1.1/893312af69b2123def71f57889001671eeb2c853.tgz",
      "integrity": "sha512-kKvNJn6Mm93gAczWVJg7wH+wGYWNrDHdWvpUmHyEsgCtIwwo3bqPtV4tR5tuPaUhTOo/kvhVwd8XwwOllGYkbg=="
    },
    "semver": {
      "version": "5.1.1",
      "resolved": "http://npm.riskalyze.com/semver/-/semver-5.1.1/a3292a373e6f3e0798da0b20641b9a9c5bc47e19.tgz",
      "integrity": "sha1-oykqNz5vPgeY2gsgZBuanFvEfhk="
    },
    "set-blocking": {
      "version": "2.0.0",
      "resolved": "http://npm.riskalyze.com/set-blocking/-/set-blocking-2.0.0/045f9782d011ae9a6803ddd382b24392b3d890f7.tgz",
      "integrity": "sha1-BF+XgtARrppoA93TgrJDkrPYkPc="
    },
    "signal-exit": {
      "version": "3.0.2",
      "resolved": "http://npm.riskalyze.com/signal-exit/-/signal-exit-3.0.2/b5fdc08f1287ea1178628e415e25132b73646c6d.tgz",
      "integrity": "sha1-tf3AjxKH6hF4Yo5BXiUTK3NkbG0="
    },
    "simple-get": {
      "version": "1.4.3",
      "resolved": "http://npm.riskalyze.com/simple-get/-/simple-get-1.4.3/e9755eda407e96da40c5e5158c9ea37b33becbeb.tgz",
      "integrity": "sha1-6XVe2kB+ltpAxeUVjJ6jezO+y+s=",
      "requires": {
        "once": "1.4.0",
        "unzip-response": "1.0.2",
        "xtend": "4.0.1"
      }
    },
    "skiff": {
      "version": "1.10.0",
      "resolved": "http://npm.riskalyze.com/skiff/-/skiff-1.10.0/a48b3676446fe5b701b5c041f7d43ff1626a350f.tgz",
      "integrity": "sha1-pIs2dkRv5bcBtcBB99Q/8WJqNQ8=",
      "requires": {
        "abstract-leveldown": "2.7.2",
        "async": "2.5.0",
        "concat-stream": "1.6.0",
        "debug": "2.6.9",
        "deepmerge": "0.2.10",
        "level-sublevel": "6.6.1",
        "leveldown": "1.9.0",
        "levelup": "1.3.9",
        "msgpack5": "3.5.1",
        "multiaddr": "2.3.0",
        "once": "1.4.0",
        "reconnect-core": "1.3.0",
        "through2": "2.0.3",
        "uuid": "2.0.3"
      },
      "dependencies": {
        "uuid": {
          "version": "2.0.3",
          "resolved": "http://npm.riskalyze.com/uuid/-/uuid-2.0.3/67e2e863797215530dff318e5bf9dcebfd47b21a.tgz",
          "integrity": "sha1-Z+LoY3lyFVMN/zGOW/nc6/1Hsho="
        }
      }
    },
    "stream-to-pull-stream": {
      "version": "1.7.2",
      "resolved": "http://npm.riskalyze.com/stream-to-pull-stream/-/stream-to-pull-stream-1.7.2/757609ae1cebd33c7432d4afbe31ff78650b9dde.tgz",
      "integrity": "sha1-dXYJrhzr0zx0MtSvvjH/eGULnd4=",
      "requires": {
        "looper": "3.0.0",
        "pull-stream": "3.6.1"
      },
      "dependencies": {
        "looper": {
          "version": "3.0.0",
          "resolved": "http://npm.riskalyze.com/looper/-/looper-3.0.0/2efa54c3b1cbaba9b94aee2e5914b0be57fbb749.tgz",
          "integrity": "sha1-LvpUw7HLq6m5Su4uWRSwvlf7t0k="
        }
      }
    },
    "string-width": {
      "version": "1.0.2",
      "resolved": "http://npm.riskalyze.com/string-width/-/string-width-1.0.2/118bdf5b8cdc51a2a7e70d211e07e2b0b9b107d3.tgz",
      "integrity": "sha1-EYvfW4zcUaKn5w0hHgfisLmxB9M=",
      "requires": {
        "code-point-at": "1.1.0",
        "is-fullwidth-code-point": "1.0.0",
        "strip-ansi": "3.0.1"
      }
    },
    "string_decoder": {
      "version": "1.0.3",
      "resolved": "http://npm.riskalyze.com/string_decoder/-/string_decoder-1.0.3/0fc67d7c141825de94282dd536bec6b9bce860ab.tgz",
      "integrity": "sha512-4AH6Z5fzNNBcH+6XDMfA/BTt87skxqJlO0lAh3Dker5zThcAxG6mKz+iGu308UKoPPQ8Dcqx/4JhujzltRa+hQ==",
      "requires": {
        "safe-buffer": "5.1.1"
      }
    },
    "strip-ansi": {
      "version": "3.0.1",
      "resolved": "http://npm.riskalyze.com/strip-ansi/-/strip-ansi-3.0.1/6a385fb8853d952d5ff05d0e8aaf94278dc63dcf.tgz",
      "integrity": "sha1-ajhfuIU9lS1f8F0Oiq+UJ43GPc8=",
      "requires": {
        "ansi-regex": "2.1.1"
      }
    },
    "strip-json-comments": {
      "version": "2.0.1",
      "resolved": "http://npm.riskalyze.com/strip-json-comments/-/strip-json-comments-2.0.1/3c531942e908c2697c0ec344858c286c7ca0a60a.tgz",
      "integrity": "sha1-PFMZQukIwml8DsNEhYwobHygpgo="
    },
    "tar-fs": {
      "version": "1.16.0",
      "resolved": "http://npm.riskalyze.com/tar-fs/-/tar-fs-1.16.0/e877a25acbcc51d8c790da1c57c9cf439817b896.tgz",
      "integrity": "sha512-I9rb6v7mjWLtOfCau9eH5L7sLJyU2BnxtEZRQ5Mt+eRKmf1F0ohXmT/Jc3fr52kDvjJ/HV5MH3soQfPL5bQ0Yg==",
      "requires": {
        "chownr": "1.0.1",
        "mkdirp": "0.5.1",
        "pump": "1.0.2",
        "tar-stream": "1.5.4"
      }
    },
    "tar-stream": {
      "version": "1.5.4",
      "resolved": "http://npm.riskalyze.com/tar-stream/-/tar-stream-1.5.4/36549cf04ed1aee9b2a30c0143252238daf94016.tgz",
      "integrity": "sha1-NlSc8E7RrumyowwBQyUiONr5QBY=",
      "requires": {
        "bl": "1.2.1",
        "end-of-stream": "1.4.0",
        "readable-stream": "2.3.3",
        "xtend": "4.0.1"
      },
      "dependencies": {
        "bl": {
          "version": "1.2.1",
          "resolved": "http://npm.riskalyze.com/bl/-/bl-1.2.1/cac328f7bee45730d404b692203fcb590e172d5e.tgz",
          "integrity": "sha1-ysMo977kVzDUBLaSID/LWQ4XLV4=",
          "requires": {
            "readable-stream": "2.3.3"
          }
        }
      }
    },
    "through2": {
      "version": "2.0.3",
      "resolved": "http://npm.riskalyze.com/through2/-/through2-2.0.3/0004569b37c7c74ba39c43f3ced78d1ad94140be.tgz",
      "integrity": "sha1-AARWmzfHx0ujnEPzzteNGtlBQL4=",
      "requires": {
        "readable-stream": "2.3.3",
        "xtend": "4.0.1"
      }
    },
    "tunnel-agent": {
      "version": "0.6.0",
      "resolved": "http://npm.riskalyze.com/tunnel-agent/-/tunnel-agent-0.6.0/27a5dea06b36b04a0a9966774b290868f0fc40fd.tgz",
      "integrity": "sha1-J6XeoGs2sEoKmWZ3SykIaPD8QP0=",
      "requires": {
        "safe-buffer": "5.1.1"
      }
    },
    "typedarray": {
      "version": "0.0.6",
      "resolved": "http://npm.riskalyze.com/typedarray/-/typedarray-0.0.6/867ac74e3864187b1d3d47d996a78ec5c8830777.tgz",
      "integrity": "sha1-hnrHTjhkGHsdPUfZlqeOxciDB3c="
    },
    "typewise": {
      "version": "1.0.3",
      "resolved": "http://npm.riskalyze.com/typewise/-/typewise-1.0.3/1067936540af97937cc5dcf9922486e9fa284651.tgz",
      "integrity": "sha1-EGeTZUCvl5N8xdz5kiSG6fooRlE=",
      "requires": {
        "typewise-core": "1.2.0"
      }
    },
    "typewise-core": {
      "version": "1.2.0",
      "resolved": "http://npm.riskalyze.com/typewise-core/-/typewise-core-1.2.0/97eb91805c7f55d2f941748fa50d315d991ef195.tgz",
      "integrity": "sha1-l+uRgFx/VdL5QXSPpQ0xXZke8ZU="
    },
    "typewiselite": {
      "version": "1.0.0",
      "resolved": "http://npm.riskalyze.com/typewiselite/-/typewiselite-1.0.0/c8882fa1bb1092c06005a97f34ef5c8508e3664e.tgz",
      "integrity": "sha1-yIgvobsQksBgBal/NO9chQjjZk4="
    },
    "unzip-response": {
      "version": "1.0.2",
      "resolved": "http://npm.riskalyze.com/unzip-response/-/unzip-response-1.0.2/b984f0877fc0a89c2c773cc1ef7b5b232b5b06fe.tgz",
      "integrity": "sha1-uYTwh3/AqJwsdzzB73tbIytbBv4="
    },
    "util-deprecate": {
      "version": "1.0.2",
      "resolved": "http://npm.riskalyze.com/util-deprecate/-/util-deprecate-1.0.2/450d4dc9fa70de732762fbd2d4a28981419a0ccf.tgz",
      "integrity": "sha1-RQ1Nyfpw3nMnYvvS1KKJgUGaDM8="
    },
    "uuid": {
      "version": "3.1.0",
      "resolved": "http://npm.riskalyze.com/uuid/-/uuid-3.1.0/3dd3d3e790abc24d7b0d3a034ffababe28ebbc04.tgz",
      "integrity": "sha512-DIWtzUkw04M4k3bf1IcpS2tngXEL26YUD2M0tMDUpnUrz2hgzUBlD55a4FjdLGPvfHxS6uluGWvaVEqgBcVa+g=="
    },
    "varint": {
      "version": "5.0.0",
      "resolved": "http://npm.riskalyze.com/varint/-/varint-5.0.0/d826b89f7490732fabc0c0ed693ed475dcb29ebf.tgz",
      "integrity": "sha1-2Ca4n3SQcy+rwMDtaT7Uddyynr8="
    },
    "wide-align": {
      "version": "1.1.2",
      "resolved": "http://npm.riskalyze.com/wide-align/-/wide-align-1.1.2/571e0f1b0604636ebc0dfc21b0339bbe31341710.tgz",
      "integrity": "sha512-ijDLlyQ7s6x1JgCLur53osjm/UXUYD9+0PbYKrBsYisYXzCxN+HC3mYDNy/dWdmf3AwqwU3CXwDCvsNgGK1S0w==",
      "requires": {
        "string-width": "1.0.2"
      }
    },
    "wrappy": {
      "version": "1.0.2",
      "resolved": "http://npm.riskalyze.com/wrappy/-/wrappy-1.0.2/b5243d8f3ec1aa35f1364605bc0d1036e30ab69f.tgz",
      "integrity": "sha1-tSQ9jz7BqjXxNkYFvA0QNuMKtp8="
    },
    "xtend": {
      "version": "4.0.1",
      "resolved": "http://npm.riskalyze.com/xtend/-/xtend-4.0.1/a5c6d532be656e23db820efb943a1f04998d63af.tgz",
      "integrity": "sha1-pcbVMr5lbiPbgg77lDofBJmNY68="
    }
  }
}
